{
  "name": "@sangeeta_/medium-common",
  "version": "1.0.0",
  "lockfileVersion": 3,
  "requires": true,
  "author": "Sangeeta Mishra",
  "keywords": [
    "zod",
    "validation",
    "schemas"
  ],
  "license": "ISC",
  "main": "dist/index.js",
  "type": "module",
  "packages": {
    "": {
      "name": "@sangeeta_/medium-common",
      "version": "1.0.0",
      "license": "ISC",
      "dependencies": {
        "@sangeeta_/common": "^1.0.1",
        "@sangeeta_/medium-common": "^1.0.0",
        "zod": "^4.1.12"
      }
    },
    "node_modules/@sangeeta_/common": {
      "version": "1.0.1",
      "resolved": "https://registry.npmjs.org/@sangeeta_/common/-/common-1.0.1.tgz",
      "integrity": "sha512-hWFXf5ODsv6Vv7BxmVW2X2lBnI3x11ybUKIMol0LaCbLcWpvSW0MUTIirSYucmGBhDQKWtGhjBj/HXvZwd+j7g==",
      "license": "ISC",
      "dependencies": {
        "@sangeeta_/common": "^1.0.0",
        "zod": "^3.22.4"
      }
    },
    "node_modules/@sangeeta_/common/node_modules/zod": {
      "version": "3.25.76",
      "resolved": "https://registry.npmjs.org/zod/-/zod-3.25.76.tgz",
      "integrity": "sha512-gzUt/qt81nXsFGKIFcC3YnfEAx5NkunCfnDlvuBSSFS02bcXu4Lmea0AFIUwbLWxWPx3d9p8S5QoaujKcNQxcQ==",
      "license": "MIT",
      "funding": {
        "url": "https://github.com/sponsors/colinhacks"
      }
    },
    "node_modules/@sangeeta_/medium-common": {
      "version": "1.0.0",
      "resolved": "https://registry.npmjs.org/@sangeeta_/medium-common/-/medium-common-1.0.0.tgz",
      "integrity": "sha512-491GqHwf5VGhwrhCWef6iK/IBgoi7espWX2jOM4rw44O8QOLkepl71IC2jzNzKfAYu+TKhQsFX+mRdgjlqyuSA==",
      "license": "ISC",
      "dependencies": {
        "@sangeeta_/common": "^1.0.1",
        "zod": "^4.1.12"
      }
    },
    "node_modules/zod": {
      "version": "4.1.12",
      "integrity": "sha512-JInaHOamG8pt5+Ey8kGmdcAcg3OL9reK8ltczgHTAwNhMys/6ThXHityHxVV2p3fkw/c+MAvBHFVYHFZDmjMCQ==",
      "funding": {
        "url": "https://github.com/sponsors/colinhacks"
      }
    }
  },
  "devDependencies": {
    "typescript": "^5.4.0"
  },
  "scripts": {
    "build": "tsc",
    "prepublishOnly": "npm run build"
  }
}
